{
  "nodes": {
    "devkitNoob": {
      "inputs": {
        "nixpkgs": "nixpkgs"
      },
      "locked": {
        "lastModified": 1745831531,
        "narHash": "sha256-soskkY8b0fNQ4btAKiOD4j1rnXT5WQeG9l9wpTeLo0c=",
        "owner": "devkitNoob",
        "repo": "devkitNoob",
        "rev": "cee9f36d44e67b7d4f27d4df5f39d45eaf622383",
        "type": "github"
      },
      "original": {
        "owner": "devkitNoob",
        "repo": "devkitNoob",
        "type": "github"
      }
    },
    "flake-compat": {
      "flake": false,
      "locked": {
        "lastModified": 1733328505,
        "narHash": "sha256-NeCCThCEP3eCl2l/+27kNNK7QrwZB1IJCrXfrbv5oqU=",
        "owner": "edolstra",
        "repo": "flake-compat",
        "rev": "ff81ac966bb2cae68946d5ed5fc4994f96d0ffec",
        "type": "github"
      },
      "original": {
        "owner": "edolstra",
        "repo": "flake-compat",
        "type": "github"
      }
    },
    "nixpkgs": {
      "locked": {
        "lastModified": 1745526057,
        "narHash": "sha256-ITSpPDwvLBZBnPRS2bUcHY3gZSwis/uTe255QgMtTLA=",
        "owner": "NixOS",
        "repo": "nixpkgs",
        "rev": "f771eb401a46846c1aebd20552521b233dd7e18b",
        "type": "github"
      },
      "original": {
        "owner": "NixOS",
        "ref": "nixos-unstable",
        "repo": "nixpkgs",
        "type": "github"
      }
    },
    "root": {
      "inputs": {
        "devkitNoob": "devkitNoob",
        "flake-compat": "flake-compat",
        "nixpkgs": [
          "devkitNoob",
          "nixpkgs"
        ]
      }
    }
  },
  "root": "root",
  "version": 7
}
